// !$*UTF8*$!
{
	archiveVersion = 1;
	classes = {
	};
	objectVersion = 52;
	objects = {

/* Begin PBXBuildFile section */
		6041EB9524AD15A90042566A /* AppDelegate.swift in Sources */ = {isa = PBXBuildFile; fileRef = 6041EB9424AD15A90042566A /* AppDelegate.swift */; };
		6041EB9924AD15A90042566A /* RepositoryController.swift in Sources */ = {isa = PBXBuildFile; fileRef = 6041EB9824AD15A90042566A /* RepositoryController.swift */; };
		6041EB9E24AD15AB0042566A /* Assets.xcassets in Resources */ = {isa = PBXBuildFile; fileRef = 6041EB9D24AD15AB0042566A /* Assets.xcassets */; };
		6041EBA124AD15AB0042566A /* LaunchScreen.storyboard in Resources */ = {isa = PBXBuildFile; fileRef = 6041EB9F24AD15AB0042566A /* LaunchScreen.storyboard */; };
		6041EBAC24AD15AB0042566A /* githubrepositoriesTests.swift in Sources */ = {isa = PBXBuildFile; fileRef = 6041EBAB24AD15AB0042566A /* githubrepositoriesTests.swift */; };
		6041EBB724AD15AB0042566A /* githubrepositoriesUITests.swift in Sources */ = {isa = PBXBuildFile; fileRef = 6041EBB624AD15AB0042566A /* githubrepositoriesUITests.swift */; };
		6041EBCB24AD21270042566A /* RxCocoa in Frameworks */ = {isa = PBXBuildFile; productRef = 6041EBCA24AD21270042566A /* RxCocoa */; };
		6041EBCD24AD21270042566A /* RxSwift in Frameworks */ = {isa = PBXBuildFile; productRef = 6041EBCC24AD21270042566A /* RxSwift */; };
		6041EBD324AD22170042566A /* Repository.swift in Sources */ = {isa = PBXBuildFile; fileRef = 6041EBD224AD22170042566A /* Repository.swift */; };
		6041EBD524AD22B90042566A /* Owner.swift in Sources */ = {isa = PBXBuildFile; fileRef = 6041EBD424AD22B90042566A /* Owner.swift */; };
		6041EBD824AD6B010042566A /* RepositoryApi.swift in Sources */ = {isa = PBXBuildFile; fileRef = 6041EBD724AD6B010042566A /* RepositoryApi.swift */; };
		6057447324B544B5001C1E1A /* RepositoryTableViewCell.swift in Sources */ = {isa = PBXBuildFile; fileRef = 6057447224B544B5001C1E1A /* RepositoryTableViewCell.swift */; };
		60639A0624AFC89D00A99A3A /* UIViewExtension.swift in Sources */ = {isa = PBXBuildFile; fileRef = 60639A0524AFC89D00A99A3A /* UIViewExtension.swift */; };
		60A46FF124B14B8A00E7BEA5 /* RepositoryViewReactor.swift in Sources */ = {isa = PBXBuildFile; fileRef = 60A46FF024B14B8A00E7BEA5 /* RepositoryViewReactor.swift */; };
		60EE7E8C24B24EDC001783A4 /* ReactorKit in Frameworks */ = {isa = PBXBuildFile; productRef = 60EE7E8B24B24EDC001783A4 /* ReactorKit */; };
/* End PBXBuildFile section */

/* Begin PBXContainerItemProxy section */
		6041EBA824AD15AB0042566A /* PBXContainerItemProxy */ = {
			isa = PBXContainerItemProxy;
			containerPortal = 6041EB8924AD15A90042566A /* Project object */;
			proxyType = 1;
			remoteGlobalIDString = 6041EB9024AD15A90042566A;
			remoteInfo = githubrepositories;
		};
		6041EBB324AD15AB0042566A /* PBXContainerItemProxy */ = {
			isa = PBXContainerItemProxy;
			containerPortal = 6041EB8924AD15A90042566A /* Project object */;
			proxyType = 1;
			remoteGlobalIDString = 6041EB9024AD15A90042566A;
			remoteInfo = githubrepositories;
		};
/* End PBXContainerItemProxy section */

/* Begin PBXFileReference section */
		6041EB9124AD15A90042566A /* SwiftHub.app */ = {isa = PBXFileReference; explicitFileType = wrapper.application; includeInIndex = 0; path = SwiftHub.app; sourceTree = BUILT_PRODUCTS_DIR; };
		6041EB9424AD15A90042566A /* AppDelegate.swift */ = {isa = PBXFileReference; lastKnownFileType = sourcecode.swift; path = AppDelegate.swift; sourceTree = "<group>"; };
		6041EB9824AD15A90042566A /* RepositoryController.swift */ = {isa = PBXFileReference; lastKnownFileType = sourcecode.swift; path = RepositoryController.swift; sourceTree = "<group>"; };
		6041EB9D24AD15AB0042566A /* Assets.xcassets */ = {isa = PBXFileReference; lastKnownFileType = folder.assetcatalog; path = Assets.xcassets; sourceTree = "<group>"; };
		6041EBA024AD15AB0042566A /* Base */ = {isa = PBXFileReference; lastKnownFileType = file.storyboard; name = Base; path = Base.lproj/LaunchScreen.storyboard; sourceTree = "<group>"; };
		6041EBA224AD15AB0042566A /* Info.plist */ = {isa = PBXFileReference; lastKnownFileType = text.plist.xml; path = Info.plist; sourceTree = "<group>"; };
		6041EBA724AD15AB0042566A /* githubrepositoriesTests.xctest */ = {isa = PBXFileReference; explicitFileType = wrapper.cfbundle; includeInIndex = 0; path = githubrepositoriesTests.xctest; sourceTree = BUILT_PRODUCTS_DIR; };
		6041EBAB24AD15AB0042566A /* githubrepositoriesTests.swift */ = {isa = PBXFileReference; lastKnownFileType = sourcecode.swift; path = githubrepositoriesTests.swift; sourceTree = "<group>"; };
		6041EBAD24AD15AB0042566A /* Info.plist */ = {isa = PBXFileReference; lastKnownFileType = text.plist.xml; path = Info.plist; sourceTree = "<group>"; };
		6041EBB224AD15AB0042566A /* githubrepositoriesUITests.xctest */ = {isa = PBXFileReference; explicitFileType = wrapper.cfbundle; includeInIndex = 0; path = githubrepositoriesUITests.xctest; sourceTree = BUILT_PRODUCTS_DIR; };
		6041EBB624AD15AB0042566A /* githubrepositoriesUITests.swift */ = {isa = PBXFileReference; lastKnownFileType = sourcecode.swift; path = githubrepositoriesUITests.swift; sourceTree = "<group>"; };
		6041EBB824AD15AB0042566A /* Info.plist */ = {isa = PBXFileReference; lastKnownFileType = text.plist.xml; path = Info.plist; sourceTree = "<group>"; };
		6041EBD224AD22170042566A /* Repository.swift */ = {isa = PBXFileReference; lastKnownFileType = sourcecode.swift; path = Repository.swift; sourceTree = "<group>"; };
		6041EBD424AD22B90042566A /* Owner.swift */ = {isa = PBXFileReference; lastKnownFileType = sourcecode.swift; path = Owner.swift; sourceTree = "<group>"; };
		6041EBD724AD6B010042566A /* RepositoryApi.swift */ = {isa = PBXFileReference; lastKnownFileType = sourcecode.swift; path = RepositoryApi.swift; sourceTree = "<group>"; };
		6057447224B544B5001C1E1A /* RepositoryTableViewCell.swift */ = {isa = PBXFileReference; lastKnownFileType = sourcecode.swift; path = RepositoryTableViewCell.swift; sourceTree = "<group>"; };
		60639A0524AFC89D00A99A3A /* UIViewExtension.swift */ = {isa = PBXFileReference; lastKnownFileType = sourcecode.swift; path = UIViewExtension.swift; sourceTree = "<group>"; };
		60A46FF024B14B8A00E7BEA5 /* RepositoryViewReactor.swift */ = {isa = PBXFileReference; lastKnownFileType = sourcecode.swift; path = RepositoryViewReactor.swift; sourceTree = "<group>"; };
/* End PBXFileReference section */

/* Begin PBXFrameworksBuildPhase section */
		6041EB8E24AD15A90042566A /* Frameworks */ = {
			isa = PBXFrameworksBuildPhase;
			buildActionMask = 2147483647;
			files = (
				6041EBCD24AD21270042566A /* RxSwift in Frameworks */,
				60EE7E8C24B24EDC001783A4 /* ReactorKit in Frameworks */,
				6041EBCB24AD21270042566A /* RxCocoa in Frameworks */,
			);
			runOnlyForDeploymentPostprocessing = 0;
		};
		6041EBA424AD15AB0042566A /* Frameworks */ = {
			isa = PBXFrameworksBuildPhase;
			buildActionMask = 2147483647;
			files = (
			);
			runOnlyForDeploymentPostprocessing = 0;
		};
		6041EBAF24AD15AB0042566A /* Frameworks */ = {
			isa = PBXFrameworksBuildPhase;
			buildActionMask = 2147483647;
			files = (
			);
			runOnlyForDeploymentPostprocessing = 0;
		};
/* End PBXFrameworksBuildPhase section */

/* Begin PBXGroup section */
		6041EB8824AD15A90042566A = {
			isa = PBXGroup;
			children = (
				6041EB9324AD15A90042566A /* githubrepositories */,
				6041EBAA24AD15AB0042566A /* githubrepositoriesTests */,
				6041EBB524AD15AB0042566A /* githubrepositoriesUITests */,
				6041EB9224AD15A90042566A /* Products */,
			);
			sourceTree = "<group>";
		};
		6041EB9224AD15A90042566A /* Products */ = {
			isa = PBXGroup;
			children = (
				6041EB9124AD15A90042566A /* SwiftHub.app */,
				6041EBA724AD15AB0042566A /* githubrepositoriesTests.xctest */,
				6041EBB224AD15AB0042566A /* githubrepositoriesUITests.xctest */,
			);
			name = Products;
			sourceTree = "<group>";
		};
		6041EB9324AD15A90042566A /* githubrepositories */ = {
			isa = PBXGroup;
			children = (
				60639A0424AFC88A00A99A3A /* Extension */,
				60FFD9C324AF72FA0027507D /* Repository */,
				6041EBD624AD6ABB0042566A /* Networking */,
				6041EBD124AD21C50042566A /* Model */,
				6041EB9424AD15A90042566A /* AppDelegate.swift */,
				6041EB9D24AD15AB0042566A /* Assets.xcassets */,
				6041EB9F24AD15AB0042566A /* LaunchScreen.storyboard */,
				6041EBA224AD15AB0042566A /* Info.plist */,
			);
			path = githubrepositories;
			sourceTree = "<group>";
		};
		6041EBAA24AD15AB0042566A /* githubrepositoriesTests */ = {
			isa = PBXGroup;
			children = (
				6041EBAB24AD15AB0042566A /* githubrepositoriesTests.swift */,
				6041EBAD24AD15AB0042566A /* Info.plist */,
			);
			path = githubrepositoriesTests;
			sourceTree = "<group>";
		};
		6041EBB524AD15AB0042566A /* githubrepositoriesUITests */ = {
			isa = PBXGroup;
			children = (
				6041EBB624AD15AB0042566A /* githubrepositoriesUITests.swift */,
				6041EBB824AD15AB0042566A /* Info.plist */,
			);
			path = githubrepositoriesUITests;
			sourceTree = "<group>";
		};
		6041EBD124AD21C50042566A /* Model */ = {
			isa = PBXGroup;
			children = (
				6041EBD224AD22170042566A /* Repository.swift */,
				6041EBD424AD22B90042566A /* Owner.swift */,
			);
			path = Model;
			sourceTree = "<group>";
		};
		6041EBD624AD6ABB0042566A /* Networking */ = {
			isa = PBXGroup;
			children = (
				6041EBD724AD6B010042566A /* RepositoryApi.swift */,
			);
			path = Networking;
			sourceTree = "<group>";
		};
		60639A0424AFC88A00A99A3A /* Extension */ = {
			isa = PBXGroup;
			children = (
				60639A0524AFC89D00A99A3A /* UIViewExtension.swift */,
			);
			path = Extension;
			sourceTree = "<group>";
		};
		60FFD9C324AF72FA0027507D /* Repository */ = {
			isa = PBXGroup;
			children = (
				6041EB9824AD15A90042566A /* RepositoryController.swift */,
				60A46FF024B14B8A00E7BEA5 /* RepositoryViewReactor.swift */,
				6057447224B544B5001C1E1A /* RepositoryTableViewCell.swift */,
			);
			path = Repository;
			sourceTree = "<group>";
		};
/* End PBXGroup section */

/* Begin PBXNativeTarget section */
		6041EB9024AD15A90042566A /* githubrepositories */ = {
			isa = PBXNativeTarget;
			buildConfigurationList = 6041EBBB24AD15AB0042566A /* Build configuration list for PBXNativeTarget "githubrepositories" */;
			buildPhases = (
				6041EB8D24AD15A90042566A /* Sources */,
				6041EB8E24AD15A90042566A /* Frameworks */,
				6041EB8F24AD15A90042566A /* Resources */,
			);
			buildRules = (
			);
			dependencies = (
			);
			name = githubrepositories;
			packageProductDependencies = (
				6041EBCA24AD21270042566A /* RxCocoa */,
				6041EBCC24AD21270042566A /* RxSwift */,
				60EE7E8B24B24EDC001783A4 /* ReactorKit */,
			);
			productName = githubrepositories;
			productReference = 6041EB9124AD15A90042566A /* SwiftHub.app */;
			productType = "com.apple.product-type.application";
		};
		6041EBA624AD15AB0042566A /* githubrepositoriesTests */ = {
			isa = PBXNativeTarget;
			buildConfigurationList = 6041EBBE24AD15AB0042566A /* Build configuration list for PBXNativeTarget "githubrepositoriesTests" */;
			buildPhases = (
				6041EBA324AD15AB0042566A /* Sources */,
				6041EBA424AD15AB0042566A /* Frameworks */,
				6041EBA524AD15AB0042566A /* Resources */,
			);
			buildRules = (
			);
			dependencies = (
				6041EBA924AD15AB0042566A /* PBXTargetDependency */,
			);
			name = githubrepositoriesTests;
			productName = githubrepositoriesTests;
			productReference = 6041EBA724AD15AB0042566A /* githubrepositoriesTests.xctest */;
			productType = "com.apple.product-type.bundle.unit-test";
		};
		6041EBB124AD15AB0042566A /* githubrepositoriesUITests */ = {
			isa = PBXNativeTarget;
			buildConfigurationList = 6041EBC124AD15AB0042566A /* Build configuration list for PBXNativeTarget "githubrepositoriesUITests" */;
			buildPhases = (
				6041EBAE24AD15AB0042566A /* Sources */,
				6041EBAF24AD15AB0042566A /* Frameworks */,
				6041EBB024AD15AB0042566A /* Resources */,
			);
			buildRules = (
			);
			dependencies = (
				6041EBB424AD15AB0042566A /* PBXTargetDependency */,
			);
			name = githubrepositoriesUITests;
			productName = githubrepositoriesUITests;
			productReference = 6041EBB224AD15AB0042566A /* githubrepositoriesUITests.xctest */;
			productType = "com.apple.product-type.bundle.ui-testing";
		};
/* End PBXNativeTarget section */

/* Begin PBXProject section */
		6041EB8924AD15A90042566A /* Project object */ = {
			isa = PBXProject;
			attributes = {
				LastSwiftUpdateCheck = 1150;
				LastUpgradeCheck = 1150;
				ORGANIZATIONNAME = Vieira;
				TargetAttributes = {
					6041EB9024AD15A90042566A = {
						CreatedOnToolsVersion = 11.5;
					};
					6041EBA624AD15AB0042566A = {
						CreatedOnToolsVersion = 11.5;
						TestTargetID = 6041EB9024AD15A90042566A;
					};
					6041EBB124AD15AB0042566A = {
						CreatedOnToolsVersion = 11.5;
						TestTargetID = 6041EB9024AD15A90042566A;
					};
				};
			};
			buildConfigurationList = 6041EB8C24AD15A90042566A /* Build configuration list for PBXProject "githubrepositories" */;
			compatibilityVersion = "Xcode 9.3";
			developmentRegion = en;
			hasScannedForEncodings = 0;
			knownRegions = (
				en,
				Base,
			);
			mainGroup = 6041EB8824AD15A90042566A;
			packageReferences = (
				6041EBC924AD21270042566A /* XCRemoteSwiftPackageReference "RxSwift" */,
				60EE7E8A24B24EDC001783A4 /* XCRemoteSwiftPackageReference "ReactorKit" */,
			);
			productRefGroup = 6041EB9224AD15A90042566A /* Products */;
			projectDirPath = "";
			projectRoot = "";
			targets = (
				6041EB9024AD15A90042566A /* githubrepositories */,
				6041EBA624AD15AB0042566A /* githubrepositoriesTests */,
				6041EBB124AD15AB0042566A /* githubrepositoriesUITests */,
			);
		};
/* End PBXProject section */

/* Begin PBXResourcesBuildPhase section */
		6041EB8F24AD15A90042566A /* Resources */ = {
			isa = PBXResourcesBuildPhase;
			buildActionMask = 2147483647;
			files = (
				6041EBA124AD15AB0042566A /* LaunchScreen.storyboard in Resources */,
				6041EB9E24AD15AB0042566A /* Assets.xcassets in Resources */,
			);
			runOnlyForDeploymentPostprocessing = 0;
		};
		6041EBA524AD15AB0042566A /* Resources */ = {
			isa = PBXResourcesBuildPhase;
			buildActionMask = 2147483647;
			files = (
			);
			runOnlyForDeploymentPostprocessing = 0;
		};
		6041EBB024AD15AB0042566A /* Resources */ = {
			isa = PBXResourcesBuildPhase;
			buildActionMask = 2147483647;
			files = (
			);
			runOnlyForDeploymentPostprocessing = 0;
		};
/* End PBXResourcesBuildPhase section */

/* Begin PBXSourcesBuildPhase section */
		6041EB8D24AD15A90042566A /* Sources */ = {
			isa = PBXSourcesBuildPhase;
			buildActionMask = 2147483647;
			files = (
				60A46FF124B14B8A00E7BEA5 /* RepositoryViewReactor.swift in Sources */,
				60639A0624AFC89D00A99A3A /* UIViewExtension.swift in Sources */,
				6041EB9924AD15A90042566A /* RepositoryController.swift in Sources */,
				6057447324B544B5001C1E1A /* RepositoryTableViewCell.swift in Sources */,
				6041EB9524AD15A90042566A /* AppDelegate.swift in Sources */,
				6041EBD524AD22B90042566A /* Owner.swift in Sources */,
				6041EBD824AD6B010042566A /* RepositoryApi.swift in Sources */,
				6041EBD324AD22170042566A /* Repository.swift in Sources */,
			);
			runOnlyForDeploymentPostprocessing = 0;
		};
		6041EBA324AD15AB0042566A /* Sources */ = {
			isa = PBXSourcesBuildPhase;
			buildActionMask = 2147483647;
			files = (
				6041EBAC24AD15AB0042566A /* githubrepositoriesTests.swift in Sources */,
			);
			runOnlyForDeploymentPostprocessing = 0;
		};
		6041EBAE24AD15AB0042566A /* Sources */ = {
			isa = PBXSourcesBuildPhase;
			buildActionMask = 2147483647;
			files = (
				6041EBB724AD15AB0042566A /* githubrepositoriesUITests.swift in Sources */,
			);
			runOnlyForDeploymentPostprocessing = 0;
		};
/* End PBXSourcesBuildPhase section */

/* Begin PBXTargetDependency section */
		6041EBA924AD15AB0042566A /* PBXTargetDependency */ = {
			isa = PBXTargetDependency;
			target = 6041EB9024AD15A90042566A /* githubrepositories */;
			targetProxy = 6041EBA824AD15AB0042566A /* PBXContainerItemProxy */;
		};
		6041EBB424AD15AB0042566A /* PBXTargetDependency */ = {
			isa = PBXTargetDependency;
			target = 6041EB9024AD15A90042566A /* githubrepositories */;
			targetProxy = 6041EBB324AD15AB0042566A /* PBXContainerItemProxy */;
		};
/* End PBXTargetDependency section */

/* Begin PBXVariantGroup section */
		6041EB9F24AD15AB0042566A /* LaunchScreen.storyboard */ = {
			isa = PBXVariantGroup;
			children = (
				6041EBA024AD15AB0042566A /* Base */,
			);
			name = LaunchScreen.storyboard;
			sourceTree = "<group>";
		};
/* End PBXVariantGroup section */

/* Begin XCBuildConfiguration section */
		6041EBB924AD15AB0042566A /* Debug */ = {
			isa = XCBuildConfiguration;
			buildSettings = {
				ALWAYS_SEARCH_USER_PATHS = NO;
				CLANG_ANALYZER_NONNULL = YES;
				CLANG_ANALYZER_NUMBER_OBJECT_CONVERSION = YES_AGGRESSIVE;
				CLANG_CXX_LANGUAGE_STANDARD = "gnu++14";
				CLANG_CXX_LIBRARY = "libc++";
				CLANG_ENABLE_MODULES = YES;
				CLANG_ENABLE_OBJC_ARC = YES;
				CLANG_ENABLE_OBJC_WEAK = YES;
				CLANG_WARN_BLOCK_CAPTURE_AUTORELEASING = YES;
				CLANG_WARN_BOOL_CONVERSION = YES;
				CLANG_WARN_COMMA = YES;
				CLANG_WARN_CONSTANT_CONVERSION = YES;
				CLANG_WARN_DEPRECATED_OBJC_IMPLEMENTATIONS = YES;
				CLANG_WARN_DIRECT_OBJC_ISA_USAGE = YES_ERROR;
				CLANG_WARN_DOCUMENTATION_COMMENTS = YES;
				CLANG_WARN_EMPTY_BODY = YES;
				CLANG_WARN_ENUM_CONVERSION = YES;
				CLANG_WARN_INFINITE_RECURSION = YES;
				CLANG_WARN_INT_CONVERSION = YES;
				CLANG_WARN_NON_LITERAL_NULL_CONVERSION = YES;
				CLANG_WARN_OBJC_IMPLICIT_RETAIN_SELF = YES;
				CLANG_WARN_OBJC_LITERAL_CONVERSION = YES;
				CLANG_WARN_OBJC_ROOT_CLASS = YES_ERROR;
				CLANG_WARN_RANGE_LOOP_ANALYSIS = YES;
				CLANG_WARN_STRICT_PROTOTYPES = YES;
				CLANG_WARN_SUSPICIOUS_MOVE = YES;
				CLANG_WARN_UNGUARDED_AVAILABILITY = YES_AGGRESSIVE;
				CLANG_WARN_UNREACHABLE_CODE = YES;
				CLANG_WARN__DUPLICATE_METHOD_MATCH = YES;
				COPY_PHASE_STRIP = NO;
				DEBUG_INFORMATION_FORMAT = dwarf;
				ENABLE_STRICT_OBJC_MSGSEND = YES;
				ENABLE_TESTABILITY = YES;
				GCC_C_LANGUAGE_STANDARD = gnu11;
				GCC_DYNAMIC_NO_PIC = NO;
				GCC_NO_COMMON_BLOCKS = YES;
				GCC_OPTIMIZATION_LEVEL = 0;
				GCC_PREPROCESSOR_DEFINITIONS = (
					"DEBUG=1",
					"$(inherited)",
				);
				GCC_WARN_64_TO_32_BIT_CONVERSION = YES;
				GCC_WARN_ABOUT_RETURN_TYPE = YES_ERROR;
				GCC_WARN_UNDECLARED_SELECTOR = YES;
				GCC_WARN_UNINITIALIZED_AUTOS = YES_AGGRESSIVE;
				GCC_WARN_UNUSED_FUNCTION = YES;
				GCC_WARN_UNUSED_VARIABLE = YES;
				IPHONEOS_DEPLOYMENT_TARGET = 13.5;
				MTL_ENABLE_DEBUG_INFO = INCLUDE_SOURCE;
				MTL_FAST_MATH = YES;
				ONLY_ACTIVE_ARCH = YES;
				SDKROOT = iphoneos;
				SWIFT_ACTIVE_COMPILATION_CONDITIONS = DEBUG;
				SWIFT_OPTIMIZATION_LEVEL = "-Onone";
			};
			name = Debug;
		};
		6041EBBA24AD15AB0042566A /* Release */ = {
			isa = XCBuildConfiguration;
			buildSettings = {
				ALWAYS_SEARCH_USER_PATHS = NO;
				CLANG_ANALYZER_NONNULL = YES;
				CLANG_ANALYZER_NUMBER_OBJECT_CONVERSION = YES_AGGRESSIVE;
				CLANG_CXX_LANGUAGE_STANDARD = "gnu++14";
				CLANG_CXX_LIBRARY = "libc++";
				CLANG_ENABLE_MODULES = YES;
				CLANG_ENABLE_OBJC_ARC = YES;
				CLANG_ENABLE_OBJC_WEAK = YES;
				CLANG_WARN_BLOCK_CAPTURE_AUTORELEASING = YES;
				CLANG_WARN_BOOL_CONVERSION = YES;
				CLANG_WARN_COMMA = YES;
				CLANG_WARN_CONSTANT_CONVERSION = YES;
				CLANG_WARN_DEPRECATED_OBJC_IMPLEMENTATIONS = YES;
				CLANG_WARN_DIRECT_OBJC_ISA_USAGE = YES_ERROR;
				CLANG_WARN_DOCUMENTATION_COMMENTS = YES;
				CLANG_WARN_EMPTY_BODY = YES;
				CLANG_WARN_ENUM_CONVERSION = YES;
				CLANG_WARN_INFINITE_RECURSION = YES;
				CLANG_WARN_INT_CONVERSION = YES;
				CLANG_WARN_NON_LITERAL_NULL_CONVERSION = YES;
				CLANG_WARN_OBJC_IMPLICIT_RETAIN_SELF = YES;
				CLANG_WARN_OBJC_LITERAL_CONVERSION = YES;
				CLANG_WARN_OBJC_ROOT_CLASS = YES_ERROR;
				CLANG_WARN_RANGE_LOOP_ANALYSIS = YES;
				CLANG_WARN_STRICT_PROTOTYPES = YES;
				CLANG_WARN_SUSPICIOUS_MOVE = YES;
				CLANG_WARN_UNGUARDED_AVAILABILITY = YES_AGGRESSIVE;
				CLANG_WARN_UNREACHABLE_CODE = YES;
				CLANG_WARN__DUPLICATE_METHOD_MATCH = YES;
				COPY_PHASE_STRIP = NO;
				DEBUG_INFORMATION_FORMAT = "dwarf-with-dsym";
				ENABLE_NS_ASSERTIONS = NO;
				ENABLE_STRICT_OBJC_MSGSEND = YES;
				GCC_C_LANGUAGE_STANDARD = gnu11;
				GCC_NO_COMMON_BLOCKS = YES;
				GCC_WARN_64_TO_32_BIT_CONVERSION = YES;
				GCC_WARN_ABOUT_RETURN_TYPE = YES_ERROR;
				GCC_WARN_UNDECLARED_SELECTOR = YES;
				GCC_WARN_UNINITIALIZED_AUTOS = YES_AGGRESSIVE;
				GCC_WARN_UNUSED_FUNCTION = YES;
				GCC_WARN_UNUSED_VARIABLE = YES;
				IPHONEOS_DEPLOYMENT_TARGET = 13.5;
				MTL_ENABLE_DEBUG_INFO = NO;
				MTL_FAST_MATH = YES;
				SDKROOT = iphoneos;
				SWIFT_COMPILATION_MODE = wholemodule;
				SWIFT_OPTIMIZATION_LEVEL = "-O";
				VALIDATE_PRODUCT = YES;
			};
			name = Release;
		};
		6041EBBC24AD15AB0042566A /* Debug */ = {
			isa = XCBuildConfiguration;
			buildSettings = {
				ASSETCATALOG_COMPILER_APPICON_NAME = AppIcon;
				CODE_SIGN_STYLE = Automatic;
				DEVELOPMENT_TEAM = Z28N59729C;
				INFOPLIST_FILE = githubrepositories/Info.plist;
				IPHONEOS_DEPLOYMENT_TARGET = 10.0;
				LD_RUNPATH_SEARCH_PATHS = (
					"$(inherited)",
					"@executable_path/Frameworks",
				);
				MARKETING_VERSION = 1.0.0;
				PRODUCT_BUNDLE_IDENTIFIER = br.com.andersonsv.githubrepositories;
				PRODUCT_NAME = SwiftHub;
				SWIFT_VERSION = 5.0;
				TARGETED_DEVICE_FAMILY = 1;
			};
			name = Debug;
		};
		6041EBBD24AD15AB0042566A /* Release */ = {
			isa = XCBuildConfiguration;
			buildSettings = {
				ASSETCATALOG_COMPILER_APPICON_NAME = AppIcon;
				CODE_SIGN_STYLE = Automatic;
				DEVELOPMENT_TEAM = Z28N59729C;
				INFOPLIST_FILE = githubrepositories/Info.plist;
				IPHONEOS_DEPLOYMENT_TARGET = 10.0;
				LD_RUNPATH_SEARCH_PATHS = (
					"$(inherited)",
					"@executable_path/Frameworks",
				);
				MARKETING_VERSION = 1.0.0;
				PRODUCT_BUNDLE_IDENTIFIER = br.com.andersonsv.githubrepositories;
				PRODUCT_NAME = SwiftHub;
				SWIFT_VERSION = 5.0;
				TARGETED_DEVICE_FAMILY = 1;
			};
			name = Release;
		};
		6041EBBF24AD15AB0042566A /* Debug */ = {
			isa = XCBuildConfiguration;
			buildSettings = {
				ALWAYS_EMBED_SWIFT_STANDARD_LIBRARIES = YES;
				BUNDLE_LOADER = "$(TEST_HOST)";
				CODE_SIGN_STYLE = Automatic;
				DEVELOPMENT_TEAM = Z28N59729C;
				INFOPLIST_FILE = githubrepositoriesTests/Info.plist;
				IPHONEOS_DEPLOYMENT_TARGET = 13.5;
				LD_RUNPATH_SEARCH_PATHS = (
					"$(inherited)",
					"@executable_path/Frameworks",
					"@loader_path/Frameworks",
				);
				PRODUCT_BUNDLE_IDENTIFIER = br.com.andersonsv.githubrepositoriesTests;
				PRODUCT_NAME = "$(TARGET_NAME)";
				SWIFT_VERSION = 5.0;
				TARGETED_DEVICE_FAMILY = "1,2";
				TEST_HOST = "$(BUILT_PRODUCTS_DIR)/githubrepositories.app/githubrepositories";
			};
			name = Debug;
		};
		6041EBC024AD15AB0042566A /* Release */ = {
			isa = XCBuildConfiguration;
			buildSettings = {
				ALWAYS_EMBED_SWIFT_STANDARD_LIBRARIES = YES;
				BUNDLE_LOADER = "$(TEST_HOST)";
				CODE_SIGN_STYLE = Automatic;
				DEVELOPMENT_TEAM = Z28N59729C;
				INFOPLIST_FILE = githubrepositoriesTests/Info.plist;
				IPHONEOS_DEPLOYMENT_TARGET = 13.5;
				LD_RUNPATH_SEARCH_PATHS = (
					"$(inherited)",
					"@executable_path/Frameworks",
					"@loader_path/Frameworks",
				);
				PRODUCT_BUNDLE_IDENTIFIER = br.com.andersonsv.githubrepositoriesTests;
				PRODUCT_NAME = "$(TARGET_NAME)";
				SWIFT_VERSION = 5.0;
				TARGETED_DEVICE_FAMILY = "1,2";
				TEST_HOST = "$(BUILT_PRODUCTS_DIR)/githubrepositories.app/githubrepositories";
			};
			name = Release;
		};
		6041EBC224AD15AB0042566A /* Debug */ = {
			isa = XCBuildConfiguration;
			buildSettings = {
				ALWAYS_EMBED_SWIFT_STANDARD_LIBRARIES = YES;
				CODE_SIGN_STYLE = Automatic;
				DEVELOPMENT_TEAM = Z28N59729C;
				INFOPLIST_FILE = githubrepositoriesUITests/Info.plist;
				LD_RUNPATH_SEARCH_PATHS = (
					"$(inherited)",
					"@executable_path/Frameworks",
					"@loader_path/Frameworks",
				);
				PRODUCT_BUNDLE_IDENTIFIER = br.com.andersonsv.githubrepositoriesUITests;
				PRODUCT_NAME = "$(TARGET_NAME)";
				SWIFT_VERSION = 5.0;
				TARGETED_DEVICE_FAMILY = "1,2";
				TEST_TARGET_NAME = githubrepositories;
			};
			name = Debug;
		};
		6041EBC324AD15AB0042566A /* Release */ = {
			isa = XCBuildConfiguration;
			buildSettings = {
				ALWAYS_EMBED_SWIFT_STANDARD_LIBRARIES = YES;
				CODE_SIGN_STYLE = Automatic;
				DEVELOPMENT_TEAM = Z28N59729C;
				INFOPLIST_FILE = githubrepositoriesUITests/Info.plist;
				LD_RUNPATH_SEARCH_PATHS = (
					"$(inherited)",
					"@executable_path/Frameworks",
					"@loader_path/Frameworks",
				);
				PRODUCT_BUNDLE_IDENTIFIER = br.com.andersonsv.githubrepositoriesUITests;
				PRODUCT_NAME = "$(TARGET_NAME)";
				SWIFT_VERSION = 5.0;
				TARGETED_DEVICE_FAMILY = "1,2";
				TEST_TARGET_NAME = githubrepositories;
			};
			name = Release;
		};
/* End XCBuildConfiguration section */

/* Begin XCConfigurationList section */
		6041EB8C24AD15A90042566A /* Build configuration list for PBXProject "githubrepositories" */ = {
			isa = XCConfigurationList;
			buildConfigurations = (
				6041EBB924AD15AB0042566A /* Debug */,
				6041EBBA24AD15AB0042566A /* Release */,
			);
			defaultConfigurationIsVisible = 0;
			defaultConfigurationName = Release;
		};
		6041EBBB24AD15AB0042566A /* Build configuration list for PBXNativeTarget "githubrepositories" */ = {
			isa = XCConfigurationList;
			buildConfigurations = (
				6041EBBC24AD15AB0042566A /* Debug */,
				6041EBBD24AD15AB0042566A /* Release */,
			);
			defaultConfigurationIsVisible = 0;
			defaultConfigurationName = Release;
		};
		6041EBBE24AD15AB0042566A /* Build configuration list for PBXNativeTarget "githubrepositoriesTests" */ = {
			isa = XCConfigurationList;
			buildConfigurations = (
				6041EBBF24AD15AB0042566A /* Debug */,
				6041EBC024AD15AB0042566A /* Release */,
			);
			defaultConfigurationIsVisible = 0;
			defaultConfigurationName = Release;
		};
		6041EBC124AD15AB0042566A /* Build configuration list for PBXNativeTarget "githubrepositoriesUITests" */ = {
			isa = XCConfigurationList;
			buildConfigurations = (
				6041EBC224AD15AB0042566A /* Debug */,
				6041EBC324AD15AB0042566A /* Release */,
			);
			defaultConfigurationIsVisible = 0;
			defaultConfigurationName = Release;
		};
/* End XCConfigurationList section */

/* Begin XCRemoteSwiftPackageReference section */
		6041EBC924AD21270042566A /* XCRemoteSwiftPackageReference "RxSwift" */ = {
			isa = XCRemoteSwiftPackageReference;
			repositoryURL = "https://github.com/ReactiveX/RxSwift";
			requirement = {
				kind = exactVersion;
				version = 5.1.1;
			};
		};
		60EE7E8A24B24EDC001783A4 /* XCRemoteSwiftPackageReference "ReactorKit" */ = {
			isa = XCRemoteSwiftPackageReference;
			repositoryURL = "https://github.com/ReactorKit/ReactorKit";
			requirement = {
				kind = exactVersion;
				version = 2.1.0;
			};
		};
/* End XCRemoteSwiftPackageReference section */

/* Begin XCSwiftPackageProductDependency section */
		6041EBCA24AD21270042566A /* RxCocoa */ = {
			isa = XCSwiftPackageProductDependency;
			package = 6041EBC924AD21270042566A /* XCRemoteSwiftPackageReference "RxSwift" */;
			productName = RxCocoa;
		};
		6041EBCC24AD21270042566A /* RxSwift */ = {
			isa = XCSwiftPackageProductDependency;
			package = 6041EBC924AD21270042566A /* XCRemoteSwiftPackageReference "RxSwift" */;
			productName = RxSwift;
		};
		60EE7E8B24B24EDC001783A4 /* ReactorKit */ = {
			isa = XCSwiftPackageProductDependency;
			package = 60EE7E8A24B24EDC001783A4 /* XCRemoteSwiftPackageReference "ReactorKit" */;
			productName = ReactorKit;
		};
/* End XCSwiftPackageProductDependency section */
	};
	rootObject = 6041EB8924AD15A90042566A /* Project object */;
}
